PODS:
  - Gloss (1.2.4)
  - Marshal (1.2.4)
  - ReactiveCocoa (5.0.1):
    - ReactiveSwift (~> 1.1)
  - ReactiveSwift (1.1.0):
    - Result (~> 3.1)
  - Result (3.2.1)

DEPENDENCIES:
  - Gloss (= 1.2.4)
  - Marshal (= 1.2.4)
  - ReactiveCocoa (= 5.0.1)
  - ReactiveSwift (= 1.1.0)

SPEC CHECKSUMS:
  Gloss: 4e036074610fdb993abcb958ebcd7332588e2333
  Marshal: 8e04e6624e506921db7143b0bfd83caee03f32d6
  ReactiveCocoa: f577006aa6c7b0b08020109ebaae3b77ada00adc
  ReactiveSwift: 2f4e4a02e5a5c87ea63f5fe667163ce2a67cbb57
  Result: 2453a22e5c5b11c0c3a478736e82cd02f763b781

PODFILE CHECKSUM: 73dea6b8a61b10bef45f82593d54970c2dee1625

COCOAPODS: 1.2.0
